// !$*UTF8*$!
{
	archiveVersion = 1;
	classes = {
	};
	objectVersion = 56;
	objects = {

/* Begin PBXBuildFile section */
		4A32D72B2949B3AC0074D847 /* AppDelegate.swift in Sources */ = {isa = PBXBuildFile; fileRef = 4A32D72A2949B3AC0074D847 /* AppDelegate.swift */; };
		4A32D72D2949B3AC0074D847 /* SceneDelegate.swift in Sources */ = {isa = PBXBuildFile; fileRef = 4A32D72C2949B3AC0074D847 /* SceneDelegate.swift */; };
		4A32D72F2949B3AC0074D847 /* ViewController.swift in Sources */ = {isa = PBXBuildFile; fileRef = 4A32D72E2949B3AC0074D847 /* ViewController.swift */; };
		4A32D7322949B3AC0074D847 /* Main.storyboard in Resources */ = {isa = PBXBuildFile; fileRef = 4A32D7302949B3AC0074D847 /* Main.storyboard */; };
		4A32D7342949B3AE0074D847 /* Assets.xcassets in Resources */ = {isa = PBXBuildFile; fileRef = 4A32D7332949B3AE0074D847 /* Assets.xcassets */; };
		4A32D7372949B3AE0074D847 /* LaunchScreen.storyboard in Resources */ = {isa = PBXBuildFile; fileRef = 4A32D7352949B3AE0074D847 /* LaunchScreen.storyboard */; };
		4A32D7492949CB2D0074D847 /* DailyListViewController.swift in Sources */ = {isa = PBXBuildFile; fileRef = 4A32D7482949CB2D0074D847 /* DailyListViewController.swift */; };
		4A32D74F2949CC640074D847 /* ClassNameGettable.swift in Sources */ = {isa = PBXBuildFile; fileRef = 4A32D74E2949CC640074D847 /* ClassNameGettable.swift */; };
		4A32D7532949CFFC0074D847 /* UITableView.swift in Sources */ = {isa = PBXBuildFile; fileRef = 4A32D7522949CFFC0074D847 /* UITableView.swift */; };
		4A32D75E2949D41F0074D847 /* DailyListTableViewCell.swift in Sources */ = {isa = PBXBuildFile; fileRef = 4A32D75C2949D41F0074D847 /* DailyListTableViewCell.swift */; };
		4A32D75F2949D41F0074D847 /* DailyListTableViewCell.xib in Resources */ = {isa = PBXBuildFile; fileRef = 4A32D75D2949D41F0074D847 /* DailyListTableViewCell.xib */; };
		4A32D7612949DBCB0074D847 /* Daily.swift in Sources */ = {isa = PBXBuildFile; fileRef = 4A32D7602949DBCB0074D847 /* Daily.swift */; };
		4A32D7642949E70A0074D847 /* ExtraDailyViewController.swift in Sources */ = {isa = PBXBuildFile; fileRef = 4A32D7632949E70A0074D847 /* ExtraDailyViewController.swift */; };
		4A32D7672949E7FA0074D847 /* UINavigationController.swift in Sources */ = {isa = PBXBuildFile; fileRef = 4A32D7662949E7FA0074D847 /* UINavigationController.swift */; };
		4A32D76A2949E81F0074D847 /* UIColor.swift in Sources */ = {isa = PBXBuildFile; fileRef = 4A32D7692949E81F0074D847 /* UIColor.swift */; };
		4A7C42F0294B2457005FD411 /* AlertManager.swift in Sources */ = {isa = PBXBuildFile; fileRef = 4A7C42EF294B2457005FD411 /* AlertManager.swift */; };
		4A7C42F2294B3911005FD411 /* Home.storyboard in Resources */ = {isa = PBXBuildFile; fileRef = 4A7C42F1294B3911005FD411 /* Home.storyboard */; };
		4A7C42F5294B3CE2005FD411 /* HomeViewController.swift in Sources */ = {isa = PBXBuildFile; fileRef = 4A7C42F4294B3CE1005FD411 /* HomeViewController.swift */; };
		4A7C42FA294C88C7005FD411 /* Reachability.swift in Sources */ = {isa = PBXBuildFile; fileRef = 4A7C42F9294C88C7005FD411 /* Reachability.swift */; };
		4A7C42FC294C88E0005FD411 /* SharedRequests.swift in Sources */ = {isa = PBXBuildFile; fileRef = 4A7C42FB294C88E0005FD411 /* SharedRequests.swift */; };
		4A7C42FE294C8907005FD411 /* Conn.swift in Sources */ = {isa = PBXBuildFile; fileRef = 4A7C42FD294C8907005FD411 /* Conn.swift */; };
		4A7C4300294C893E005FD411 /* SharedExtensions.swift in Sources */ = {isa = PBXBuildFile; fileRef = 4A7C42FF294C893E005FD411 /* SharedExtensions.swift */; };
		4A7C4303294C8974005FD411 /* CarlaError.swift in Sources */ = {isa = PBXBuildFile; fileRef = 4A7C4302294C8974005FD411 /* CarlaError.swift */; };
		4A7C4307294C89C2005FD411 /* DASError.swift in Sources */ = {isa = PBXBuildFile; fileRef = 4A7C4306294C89C2005FD411 /* DASError.swift */; };
		4A7C4309294C89CB005FD411 /* Either.swift in Sources */ = {isa = PBXBuildFile; fileRef = 4A7C4308294C89CB005FD411 /* Either.swift */; };
		4A7C430C294C8AF5005FD411 /* User.swift in Sources */ = {isa = PBXBuildFile; fileRef = 4A7C430B294C8AF5005FD411 /* User.swift */; };
		4A7C430E294CE18E005FD411 /* UserResponse.swift in Sources */ = {isa = PBXBuildFile; fileRef = 4A7C430D294CE18E005FD411 /* UserResponse.swift */; };
		4A7C4311294D0734005FD411 /* UserDailyRequest.swift in Sources */ = {isa = PBXBuildFile; fileRef = 4A7C4310294D0734005FD411 /* UserDailyRequest.swift */; };
		4A7C4313294D1B82005FD411 /* UserDailyResponse.swift in Sources */ = {isa = PBXBuildFile; fileRef = 4A7C4312294D1B82005FD411 /* UserDailyResponse.swift */; };
		4A7C4316294D1CE3005FD411 /* UserCustomDailyManager.swift in Sources */ = {isa = PBXBuildFile; fileRef = 4A7C4315294D1CE3005FD411 /* UserCustomDailyManager.swift */; };
		4A7C431A294D2BF4005FD411 /* DailyRequest.swift in Sources */ = {isa = PBXBuildFile; fileRef = 4A7C4319294D2BF4005FD411 /* DailyRequest.swift */; };
		4A7C431C294D4533005FD411 /* UserDaily.swift in Sources */ = {isa = PBXBuildFile; fileRef = 4A7C431B294D4533005FD411 /* UserDaily.swift */; };
		4A7C431F294E08FA005FD411 /* DayView.swift in Sources */ = {isa = PBXBuildFile; fileRef = 4A7C431E294E08FA005FD411 /* DayView.swift */; };
		E909CF21E0032F18688CDDCA /* libPods-DailyApp.a in Frameworks */ = {isa = PBXBuildFile; fileRef = 434CD87663BEAE0151E84159 /* libPods-DailyApp.a */; };
/* End PBXBuildFile section */

/* Begin PBXFileReference section */
		434CD87663BEAE0151E84159 /* libPods-DailyApp.a */ = {isa = PBXFileReference; explicitFileType = archive.ar; includeInIndex = 0; path = "libPods-DailyApp.a"; sourceTree = BUILT_PRODUCTS_DIR; };
		4A32D7272949B3AC0074D847 /* DailyApp.app */ = {isa = PBXFileReference; explicitFileType = wrapper.application; includeInIndex = 0; path = DailyApp.app; sourceTree = BUILT_PRODUCTS_DIR; };
		4A32D72A2949B3AC0074D847 /* AppDelegate.swift */ = {isa = PBXFileReference; lastKnownFileType = sourcecode.swift; path = AppDelegate.swift; sourceTree = "<group>"; };
		4A32D72C2949B3AC0074D847 /* SceneDelegate.swift */ = {isa = PBXFileReference; lastKnownFileType = sourcecode.swift; path = SceneDelegate.swift; sourceTree = "<group>"; };
		4A32D72E2949B3AC0074D847 /* ViewController.swift */ = {isa = PBXFileReference; lastKnownFileType = sourcecode.swift; path = ViewController.swift; sourceTree = "<group>"; };
		4A32D7312949B3AC0074D847 /* Base */ = {isa = PBXFileReference; lastKnownFileType = file.storyboard; name = Base; path = Base.lproj/Main.storyboard; sourceTree = "<group>"; };
		4A32D7332949B3AE0074D847 /* Assets.xcassets */ = {isa = PBXFileReference; lastKnownFileType = folder.assetcatalog; path = Assets.xcassets; sourceTree = "<group>"; };
		4A32D7362949B3AE0074D847 /* Base */ = {isa = PBXFileReference; lastKnownFileType = file.storyboard; name = Base; path = Base.lproj/LaunchScreen.storyboard; sourceTree = "<group>"; };
		4A32D7382949B3AE0074D847 /* Info.plist */ = {isa = PBXFileReference; lastKnownFileType = text.plist.xml; path = Info.plist; sourceTree = "<group>"; };
		4A32D7482949CB2D0074D847 /* DailyListViewController.swift */ = {isa = PBXFileReference; lastKnownFileType = sourcecode.swift; path = DailyListViewController.swift; sourceTree = "<group>"; };
		4A32D74E2949CC640074D847 /* ClassNameGettable.swift */ = {isa = PBXFileReference; lastKnownFileType = sourcecode.swift; path = ClassNameGettable.swift; sourceTree = "<group>"; };
		4A32D7522949CFFC0074D847 /* UITableView.swift */ = {isa = PBXFileReference; lastKnownFileType = sourcecode.swift; path = UITableView.swift; sourceTree = "<group>"; };
		4A32D75C2949D41F0074D847 /* DailyListTableViewCell.swift */ = {isa = PBXFileReference; lastKnownFileType = sourcecode.swift; path = DailyListTableViewCell.swift; sourceTree = "<group>"; };
		4A32D75D2949D41F0074D847 /* DailyListTableViewCell.xib */ = {isa = PBXFileReference; lastKnownFileType = file.xib; path = DailyListTableViewCell.xib; sourceTree = "<group>"; };
		4A32D7602949DBCB0074D847 /* Daily.swift */ = {isa = PBXFileReference; lastKnownFileType = sourcecode.swift; path = Daily.swift; sourceTree = "<group>"; };
		4A32D7632949E70A0074D847 /* ExtraDailyViewController.swift */ = {isa = PBXFileReference; lastKnownFileType = sourcecode.swift; path = ExtraDailyViewController.swift; sourceTree = "<group>"; };
		4A32D7662949E7FA0074D847 /* UINavigationController.swift */ = {isa = PBXFileReference; lastKnownFileType = sourcecode.swift; path = UINavigationController.swift; sourceTree = "<group>"; };
		4A32D7692949E81F0074D847 /* UIColor.swift */ = {isa = PBXFileReference; lastKnownFileType = sourcecode.swift; path = UIColor.swift; sourceTree = "<group>"; };
		4A7C42EF294B2457005FD411 /* AlertManager.swift */ = {isa = PBXFileReference; lastKnownFileType = sourcecode.swift; path = AlertManager.swift; sourceTree = "<group>"; };
		4A7C42F1294B3911005FD411 /* Home.storyboard */ = {isa = PBXFileReference; lastKnownFileType = file.storyboard; path = Home.storyboard; sourceTree = "<group>"; };
		4A7C42F4294B3CE1005FD411 /* HomeViewController.swift */ = {isa = PBXFileReference; lastKnownFileType = sourcecode.swift; path = HomeViewController.swift; sourceTree = "<group>"; };
		4A7C42F9294C88C7005FD411 /* Reachability.swift */ = {isa = PBXFileReference; lastKnownFileType = sourcecode.swift; path = Reachability.swift; sourceTree = "<group>"; };
		4A7C42FB294C88E0005FD411 /* SharedRequests.swift */ = {isa = PBXFileReference; lastKnownFileType = sourcecode.swift; path = SharedRequests.swift; sourceTree = "<group>"; };
		4A7C42FD294C8907005FD411 /* Conn.swift */ = {isa = PBXFileReference; lastKnownFileType = sourcecode.swift; path = Conn.swift; sourceTree = "<group>"; };
		4A7C42FF294C893E005FD411 /* SharedExtensions.swift */ = {isa = PBXFileReference; lastKnownFileType = sourcecode.swift; path = SharedExtensions.swift; sourceTree = "<group>"; };
		4A7C4302294C8974005FD411 /* CarlaError.swift */ = {isa = PBXFileReference; lastKnownFileType = sourcecode.swift; path = CarlaError.swift; sourceTree = "<group>"; };
		4A7C4306294C89C2005FD411 /* DASError.swift */ = {isa = PBXFileReference; lastKnownFileType = sourcecode.swift; path = DASError.swift; sourceTree = "<group>"; };
		4A7C4308294C89CB005FD411 /* Either.swift */ = {isa = PBXFileReference; lastKnownFileType = sourcecode.swift; path = Either.swift; sourceTree = "<group>"; };
		4A7C430B294C8AF5005FD411 /* User.swift */ = {isa = PBXFileReference; lastKnownFileType = sourcecode.swift; path = User.swift; sourceTree = "<group>"; };
		4A7C430D294CE18E005FD411 /* UserResponse.swift */ = {isa = PBXFileReference; lastKnownFileType = sourcecode.swift; path = UserResponse.swift; sourceTree = "<group>"; };
		4A7C4310294D0734005FD411 /* UserDailyRequest.swift */ = {isa = PBXFileReference; lastKnownFileType = sourcecode.swift; path = UserDailyRequest.swift; sourceTree = "<group>"; };
		4A7C4312294D1B82005FD411 /* UserDailyResponse.swift */ = {isa = PBXFileReference; lastKnownFileType = sourcecode.swift; path = UserDailyResponse.swift; sourceTree = "<group>"; };
		4A7C4315294D1CE3005FD411 /* UserCustomDailyManager.swift */ = {isa = PBXFileReference; lastKnownFileType = sourcecode.swift; path = UserCustomDailyManager.swift; sourceTree = "<group>"; };
		4A7C4319294D2BF4005FD411 /* DailyRequest.swift */ = {isa = PBXFileReference; lastKnownFileType = sourcecode.swift; path = DailyRequest.swift; sourceTree = "<group>"; };
		4A7C431B294D4533005FD411 /* UserDaily.swift */ = {isa = PBXFileReference; lastKnownFileType = sourcecode.swift; path = UserDaily.swift; sourceTree = "<group>"; };
		4A7C431E294E08FA005FD411 /* DayView.swift */ = {isa = PBXFileReference; lastKnownFileType = sourcecode.swift; path = DayView.swift; sourceTree = "<group>"; };
		7C5074072D2F0A090CB2667F /* Pods-DailyApp.debug.xcconfig */ = {isa = PBXFileReference; includeInIndex = 1; lastKnownFileType = text.xcconfig; name = "Pods-DailyApp.debug.xcconfig"; path = "Target Support Files/Pods-DailyApp/Pods-DailyApp.debug.xcconfig"; sourceTree = "<group>"; };
		BDE3CA918E1CD156FDF84116 /* Pods-DailyApp.release.xcconfig */ = {isa = PBXFileReference; includeInIndex = 1; lastKnownFileType = text.xcconfig; name = "Pods-DailyApp.release.xcconfig"; path = "Target Support Files/Pods-DailyApp/Pods-DailyApp.release.xcconfig"; sourceTree = "<group>"; };
/* End PBXFileReference section */

/* Begin PBXFrameworksBuildPhase section */
		4A32D7242949B3AC0074D847 /* Frameworks */ = {
			isa = PBXFrameworksBuildPhase;
			buildActionMask = 2147483647;
			files = (
				E909CF21E0032F18688CDDCA /* libPods-DailyApp.a in Frameworks */,
			);
			runOnlyForDeploymentPostprocessing = 0;
		};
/* End PBXFrameworksBuildPhase section */

/* Begin PBXGroup section */
		4A32D71E2949B3AC0074D847 = {
			isa = PBXGroup;
			children = (
				4A32D7292949B3AC0074D847 /* DailyApp */,
				4A32D7282949B3AC0074D847 /* Products */,
				E042C0C4B907C4F7BE6FABFB /* Pods */,
				6645AF8537F8CECC34138B9F /* Frameworks */,
			);
			sourceTree = "<group>";
		};
		4A32D7282949B3AC0074D847 /* Products */ = {
			isa = PBXGroup;
			children = (
				4A32D7272949B3AC0074D847 /* DailyApp.app */,
			);
			name = Products;
			sourceTree = "<group>";
		};
		4A32D7292949B3AC0074D847 /* DailyApp */ = {
			isa = PBXGroup;
			children = (
				4A32D7412949BE020074D847 /* StoryBoards */,
				4A32D73E2949BB820074D847 /* Model */,
				4A32D73F2949BB900074D847 /* View */,
				4A32D7402949BB950074D847 /* Controller */,
				4A32D7502949CFD20074D847 /* SharedExtensions */,
				4A32D74C2949CC3F0074D847 /* Utilities */,
				4A7C42F6294C8864005FD411 /* Networking */,
				4A32D72A2949B3AC0074D847 /* AppDelegate.swift */,
				4A32D72C2949B3AC0074D847 /* SceneDelegate.swift */,
				4A32D72E2949B3AC0074D847 /* ViewController.swift */,
				4A32D7332949B3AE0074D847 /* Assets.xcassets */,
				4A32D7382949B3AE0074D847 /* Info.plist */,
			);
			path = DailyApp;
			sourceTree = "<group>";
		};
		4A32D73E2949BB820074D847 /* Model */ = {
			isa = PBXGroup;
			children = (
				4A7C430F294D0719005FD411 /* UserDaily */,
				4A7C430A294C8AE6005FD411 /* User */,
				4A7C4305294C89AE005FD411 /* SharedUtility */,
				4A7C4304294C8986005FD411 /* Daily */,
				4A7C4301294C8968005FD411 /* Error */,
			);
			path = Model;
			sourceTree = "<group>";
		};
		4A32D73F2949BB900074D847 /* View */ = {
			isa = PBXGroup;
			children = (
				4A7C431D294E08DD005FD411 /* Home */,
				4A32D7432949BE890074D847 /* DailyList */,
			);
			path = View;
			sourceTree = "<group>";
		};
		4A32D7402949BB950074D847 /* Controller */ = {
			isa = PBXGroup;
			children = (
				4A7C42F3294B3CC6005FD411 /* Home */,
				4A32D7622949E6A10074D847 /* ExtraDaily */,
				4A32D7472949CAD70074D847 /* DailyList */,
			);
			path = Controller;
			sourceTree = "<group>";
		};
		4A32D7412949BE020074D847 /* StoryBoards */ = {
			isa = PBXGroup;
			children = (
				4A32D7302949B3AC0074D847 /* Main.storyboard */,
				4A32D7352949B3AE0074D847 /* LaunchScreen.storyboard */,
				4A7C42F1294B3911005FD411 /* Home.storyboard */,
			);
			path = StoryBoards;
			sourceTree = "<group>";
		};
		4A32D7432949BE890074D847 /* DailyList */ = {
			isa = PBXGroup;
			children = (
				4A32D7442949BE900074D847 /* DailyListTableViewCell */,
			);
			path = DailyList;
			sourceTree = "<group>";
		};
		4A32D7442949BE900074D847 /* DailyListTableViewCell */ = {
			isa = PBXGroup;
			children = (
				4A32D75C2949D41F0074D847 /* DailyListTableViewCell.swift */,
				4A32D75D2949D41F0074D847 /* DailyListTableViewCell.xib */,
			);
			path = DailyListTableViewCell;
			sourceTree = "<group>";
		};
		4A32D7472949CAD70074D847 /* DailyList */ = {
			isa = PBXGroup;
			children = (
				4A32D7482949CB2D0074D847 /* DailyListViewController.swift */,
			);
			path = DailyList;
			sourceTree = "<group>";
		};
		4A32D74C2949CC3F0074D847 /* Utilities */ = {
			isa = PBXGroup;
			children = (
				4A32D74D2949CC4F0074D847 /* Protocols */,
				4A7C42EE294B2443005FD411 /* Singleton */,
			);
			path = Utilities;
			sourceTree = "<group>";
		};
		4A32D74D2949CC4F0074D847 /* Protocols */ = {
			isa = PBXGroup;
			children = (
				4A32D74E2949CC640074D847 /* ClassNameGettable.swift */,
			);
			path = Protocols;
			sourceTree = "<group>";
		};
		4A32D7502949CFD20074D847 /* SharedExtensions */ = {
			isa = PBXGroup;
			children = (
				4A32D7682949E8120074D847 /* UIColor */,
				4A32D7652949E7D80074D847 /* UINavigationController */,
				4A32D7512949CFE30074D847 /* UITableView */,
				4A7C42FF294C893E005FD411 /* SharedExtensions.swift */,
			);
			path = SharedExtensions;
			sourceTree = "<group>";
		};
		4A32D7512949CFE30074D847 /* UITableView */ = {
			isa = PBXGroup;
			children = (
				4A32D7522949CFFC0074D847 /* UITableView.swift */,
			);
			path = UITableView;
			sourceTree = "<group>";
		};
		4A32D7622949E6A10074D847 /* ExtraDaily */ = {
			isa = PBXGroup;
			children = (
				4A32D7632949E70A0074D847 /* ExtraDailyViewController.swift */,
			);
			path = ExtraDaily;
			sourceTree = "<group>";
		};
		4A32D7652949E7D80074D847 /* UINavigationController */ = {
			isa = PBXGroup;
			children = (
				4A32D7662949E7FA0074D847 /* UINavigationController.swift */,
			);
			path = UINavigationController;
			sourceTree = "<group>";
		};
		4A32D7682949E8120074D847 /* UIColor */ = {
			isa = PBXGroup;
			children = (
				4A32D7692949E81F0074D847 /* UIColor.swift */,
			);
			path = UIColor;
			sourceTree = "<group>";
		};
		4A7C42EE294B2443005FD411 /* Singleton */ = {
			isa = PBXGroup;
			children = (
				4A7C4314294D1CC5005FD411 /* UserCustomDaily */,
				4A7C42EF294B2457005FD411 /* AlertManager.swift */,
			);
			path = Singleton;
			sourceTree = "<group>";
		};
		4A7C42F3294B3CC6005FD411 /* Home */ = {
			isa = PBXGroup;
			children = (
				4A7C42F4294B3CE1005FD411 /* HomeViewController.swift */,
			);
			path = Home;
			sourceTree = "<group>";
		};
		4A7C42F6294C8864005FD411 /* Networking */ = {
			isa = PBXGroup;
			children = (
				4A7C42F7294C8874005FD411 /* Shared */,
			);
			path = Networking;
			sourceTree = "<group>";
		};
		4A7C42F7294C8874005FD411 /* Shared */ = {
			isa = PBXGroup;
			children = (
				4A7C42F8294C887E005FD411 /* Reachability */,
				4A7C42FB294C88E0005FD411 /* SharedRequests.swift */,
				4A7C42FD294C8907005FD411 /* Conn.swift */,
			);
			path = Shared;
			sourceTree = "<group>";
		};
		4A7C42F8294C887E005FD411 /* Reachability */ = {
			isa = PBXGroup;
			children = (
				4A7C42F9294C88C7005FD411 /* Reachability.swift */,
			);
			path = Reachability;
			sourceTree = "<group>";
		};
		4A7C4301294C8968005FD411 /* Error */ = {
			isa = PBXGroup;
			children = (
				4A7C4302294C8974005FD411 /* CarlaError.swift */,
			);
			path = Error;
			sourceTree = "<group>";
		};
		4A7C4304294C8986005FD411 /* Daily */ = {
			isa = PBXGroup;
			children = (
				4A32D7602949DBCB0074D847 /* Daily.swift */,
				4A7C4319294D2BF4005FD411 /* DailyRequest.swift */,
			);
			path = Daily;
			sourceTree = "<group>";
		};
		4A7C4305294C89AE005FD411 /* SharedUtility */ = {
			isa = PBXGroup;
			children = (
				4A7C4306294C89C2005FD411 /* DASError.swift */,
				4A7C4308294C89CB005FD411 /* Either.swift */,
			);
			path = SharedUtility;
			sourceTree = "<group>";
		};
		4A7C430A294C8AE6005FD411 /* User */ = {
			isa = PBXGroup;
			children = (
				4A7C430B294C8AF5005FD411 /* User.swift */,
				4A7C430D294CE18E005FD411 /* UserResponse.swift */,
			);
			path = User;
			sourceTree = "<group>";
		};
		4A7C430F294D0719005FD411 /* UserDaily */ = {
			isa = PBXGroup;
			children = (
				4A7C4310294D0734005FD411 /* UserDailyRequest.swift */,
				4A7C4312294D1B82005FD411 /* UserDailyResponse.swift */,
				4A7C431B294D4533005FD411 /* UserDaily.swift */,
			);
			path = UserDaily;
			sourceTree = "<group>";
		};
		4A7C4314294D1CC5005FD411 /* UserCustomDaily */ = {
			isa = PBXGroup;
			children = (
				4A7C4315294D1CE3005FD411 /* UserCustomDailyManager.swift */,
			);
			path = UserCustomDaily;
			sourceTree = "<group>";
		};
		4A7C431D294E08DD005FD411 /* Home */ = {
			isa = PBXGroup;
			children = (
				4A7C431E294E08FA005FD411 /* DayView.swift */,
			);
			path = Home;
			sourceTree = "<group>";
		};
		6645AF8537F8CECC34138B9F /* Frameworks */ = {
			isa = PBXGroup;
			children = (
				434CD87663BEAE0151E84159 /* libPods-DailyApp.a */,
			);
			name = Frameworks;
			sourceTree = "<group>";
		};
		E042C0C4B907C4F7BE6FABFB /* Pods */ = {
			isa = PBXGroup;
			children = (
				7C5074072D2F0A090CB2667F /* Pods-DailyApp.debug.xcconfig */,
				BDE3CA918E1CD156FDF84116 /* Pods-DailyApp.release.xcconfig */,
			);
			path = Pods;
			sourceTree = "<group>";
		};
/* End PBXGroup section */

/* Begin PBXNativeTarget section */
		4A32D7262949B3AC0074D847 /* DailyApp */ = {
			isa = PBXNativeTarget;
			buildConfigurationList = 4A32D73B2949B3AE0074D847 /* Build configuration list for PBXNativeTarget "DailyApp" */;
			buildPhases = (
				EC008368DC00C687C95E6C03 /* [CP] Check Pods Manifest.lock */,
				4A32D7232949B3AC0074D847 /* Sources */,
				4A32D7242949B3AC0074D847 /* Frameworks */,
				4A32D7252949B3AC0074D847 /* Resources */,
			);
			buildRules = (
			);
			dependencies = (
			);
			name = DailyApp;
			productName = DailyApp;
			productReference = 4A32D7272949B3AC0074D847 /* DailyApp.app */;
			productType = "com.apple.product-type.application";
		};
/* End PBXNativeTarget section */

/* Begin PBXProject section */
		4A32D71F2949B3AC0074D847 /* Project object */ = {
			isa = PBXProject;
			attributes = {
				BuildIndependentTargetsInParallel = 1;
				LastSwiftUpdateCheck = 1400;
				LastUpgradeCheck = 1400;
				TargetAttributes = {
					4A32D7262949B3AC0074D847 = {
						CreatedOnToolsVersion = 14.0.1;
					};
				};
			};
			buildConfigurationList = 4A32D7222949B3AC0074D847 /* Build configuration list for PBXProject "DailyApp" */;
			compatibilityVersion = "Xcode 14.0";
			developmentRegion = en;
			hasScannedForEncodings = 0;
			knownRegions = (
				en,
				Base,
			);
			mainGroup = 4A32D71E2949B3AC0074D847;
			productRefGroup = 4A32D7282949B3AC0074D847 /* Products */;
			projectDirPath = "";
			projectRoot = "";
			targets = (
				4A32D7262949B3AC0074D847 /* DailyApp */,
			);
		};
/* End PBXProject section */

/* Begin PBXResourcesBuildPhase section */
		4A32D7252949B3AC0074D847 /* Resources */ = {
			isa = PBXResourcesBuildPhase;
			buildActionMask = 2147483647;
			files = (
				4A32D7372949B3AE0074D847 /* LaunchScreen.storyboard in Resources */,
				4A7C42F2294B3911005FD411 /* Home.storyboard in Resources */,
				4A32D75F2949D41F0074D847 /* DailyListTableViewCell.xib in Resources */,
				4A32D7342949B3AE0074D847 /* Assets.xcassets in Resources */,
				4A32D7322949B3AC0074D847 /* Main.storyboard in Resources */,
			);
			runOnlyForDeploymentPostprocessing = 0;
		};
/* End PBXResourcesBuildPhase section */

/* Begin PBXShellScriptBuildPhase section */
		EC008368DC00C687C95E6C03 /* [CP] Check Pods Manifest.lock */ = {
			isa = PBXShellScriptBuildPhase;
			buildActionMask = 2147483647;
			files = (
			);
			inputFileListPaths = (
			);
			inputPaths = (
				"${PODS_PODFILE_DIR_PATH}/Podfile.lock",
				"${PODS_ROOT}/Manifest.lock",
			);
			name = "[CP] Check Pods Manifest.lock";
			outputFileListPaths = (
			);
			outputPaths = (
				"$(DERIVED_FILE_DIR)/Pods-DailyApp-checkManifestLockResult.txt",
			);
			runOnlyForDeploymentPostprocessing = 0;
			shellPath = /bin/sh;
			shellScript = "diff \"${PODS_PODFILE_DIR_PATH}/Podfile.lock\" \"${PODS_ROOT}/Manifest.lock\" > /dev/null\nif [ $? != 0 ] ; then\n    # print error to STDERR\n    echo \"error: The sandbox is not in sync with the Podfile.lock. Run 'pod install' or update your CocoaPods installation.\" >&2\n    exit 1\nfi\n# This output is used by Xcode 'outputs' to avoid re-running this script phase.\necho \"SUCCESS\" > \"${SCRIPT_OUTPUT_FILE_0}\"\n";
			showEnvVarsInLog = 0;
		};
/* End PBXShellScriptBuildPhase section */

/* Begin PBXSourcesBuildPhase section */
		4A32D7232949B3AC0074D847 /* Sources */ = {
			isa = PBXSourcesBuildPhase;
			buildActionMask = 2147483647;
			files = (
				4A7C4307294C89C2005FD411 /* DASError.swift in Sources */,
				4A7C431A294D2BF4005FD411 /* DailyRequest.swift in Sources */,
				4A7C42FA294C88C7005FD411 /* Reachability.swift in Sources */,
				4A32D7642949E70A0074D847 /* ExtraDailyViewController.swift in Sources */,
				4A32D7672949E7FA0074D847 /* UINavigationController.swift in Sources */,
				4A7C4309294C89CB005FD411 /* Either.swift in Sources */,
				4A7C42FE294C8907005FD411 /* Conn.swift in Sources */,
				4A32D72F2949B3AC0074D847 /* ViewController.swift in Sources */,
				4A7C4311294D0734005FD411 /* UserDailyRequest.swift in Sources */,
				4A32D74F2949CC640074D847 /* ClassNameGettable.swift in Sources */,
				4A7C4303294C8974005FD411 /* CarlaError.swift in Sources */,
				4A32D75E2949D41F0074D847 /* DailyListTableViewCell.swift in Sources */,
				4A7C42FC294C88E0005FD411 /* SharedRequests.swift in Sources */,
				4A32D72B2949B3AC0074D847 /* AppDelegate.swift in Sources */,
				4A7C4316294D1CE3005FD411 /* UserCustomDailyManager.swift in Sources */,
				4A7C4300294C893E005FD411 /* SharedExtensions.swift in Sources */,
				4A32D7492949CB2D0074D847 /* DailyListViewController.swift in Sources */,
				4A32D76A2949E81F0074D847 /* UIColor.swift in Sources */,
				4A7C42F0294B2457005FD411 /* AlertManager.swift in Sources */,
				4A32D7612949DBCB0074D847 /* Daily.swift in Sources */,
				4A32D72D2949B3AC0074D847 /* SceneDelegate.swift in Sources */,
				4A7C431F294E08FA005FD411 /* DayView.swift in Sources */,
				4A7C4313294D1B82005FD411 /* UserDailyResponse.swift in Sources */,
				4A7C42F5294B3CE2005FD411 /* HomeViewController.swift in Sources */,
				4A32D7532949CFFC0074D847 /* UITableView.swift in Sources */,
				4A7C430C294C8AF5005FD411 /* User.swift in Sources */,
				4A7C430E294CE18E005FD411 /* UserResponse.swift in Sources */,
				4A7C431C294D4533005FD411 /* UserDaily.swift in Sources */,
			);
			runOnlyForDeploymentPostprocessing = 0;
		};
/* End PBXSourcesBuildPhase section */

/* Begin PBXVariantGroup section */
		4A32D7302949B3AC0074D847 /* Main.storyboard */ = {
			isa = PBXVariantGroup;
			children = (
				4A32D7312949B3AC0074D847 /* Base */,
			);
			name = Main.storyboard;
			sourceTree = "<group>";
		};
		4A32D7352949B3AE0074D847 /* LaunchScreen.storyboard */ = {
			isa = PBXVariantGroup;
			children = (
				4A32D7362949B3AE0074D847 /* Base */,
			);
			name = LaunchScreen.storyboard;
			sourceTree = "<group>";
		};
/* End PBXVariantGroup section */

/* Begin XCBuildConfiguration section */
		4A32D7392949B3AE0074D847 /* Debug */ = {
			isa = XCBuildConfiguration;
			buildSettings = {
				ALWAYS_SEARCH_USER_PATHS = NO;
				CLANG_ANALYZER_NONNULL = YES;
				CLANG_ANALYZER_NUMBER_OBJECT_CONVERSION = YES_AGGRESSIVE;
				CLANG_CXX_LANGUAGE_STANDARD = "gnu++20";
				CLANG_ENABLE_MODULES = YES;
				CLANG_ENABLE_OBJC_ARC = YES;
				CLANG_ENABLE_OBJC_WEAK = YES;
				CLANG_WARN_BLOCK_CAPTURE_AUTORELEASING = YES;
				CLANG_WARN_BOOL_CONVERSION = YES;
				CLANG_WARN_COMMA = YES;
				CLANG_WARN_CONSTANT_CONVERSION = YES;
				CLANG_WARN_DEPRECATED_OBJC_IMPLEMENTATIONS = YES;
				CLANG_WARN_DIRECT_OBJC_ISA_USAGE = YES_ERROR;
				CLANG_WARN_DOCUMENTATION_COMMENTS = YES;
				CLANG_WARN_EMPTY_BODY = YES;
				CLANG_WARN_ENUM_CONVERSION = YES;
				CLANG_WARN_INFINITE_RECURSION = YES;
				CLANG_WARN_INT_CONVERSION = YES;
				CLANG_WARN_NON_LITERAL_NULL_CONVERSION = YES;
				CLANG_WARN_OBJC_IMPLICIT_RETAIN_SELF = YES;
				CLANG_WARN_OBJC_LITERAL_CONVERSION = YES;
				CLANG_WARN_OBJC_ROOT_CLASS = YES_ERROR;
				CLANG_WARN_QUOTED_INCLUDE_IN_FRAMEWORK_HEADER = YES;
				CLANG_WARN_RANGE_LOOP_ANALYSIS = YES;
				CLANG_WARN_STRICT_PROTOTYPES = YES;
				CLANG_WARN_SUSPICIOUS_MOVE = YES;
				CLANG_WARN_UNGUARDED_AVAILABILITY = YES_AGGRESSIVE;
				CLANG_WARN_UNREACHABLE_CODE = YES;
				CLANG_WARN__DUPLICATE_METHOD_MATCH = YES;
				COPY_PHASE_STRIP = NO;
				DEBUG_INFORMATION_FORMAT = dwarf;
				ENABLE_STRICT_OBJC_MSGSEND = YES;
				ENABLE_TESTABILITY = YES;
				GCC_C_LANGUAGE_STANDARD = gnu11;
				GCC_DYNAMIC_NO_PIC = NO;
				GCC_NO_COMMON_BLOCKS = YES;
				GCC_OPTIMIZATION_LEVEL = 0;
				GCC_PREPROCESSOR_DEFINITIONS = (
					"DEBUG=1",
					"$(inherited)",
				);
				GCC_WARN_64_TO_32_BIT_CONVERSION = YES;
				GCC_WARN_ABOUT_RETURN_TYPE = YES_ERROR;
				GCC_WARN_UNDECLARED_SELECTOR = YES;
				GCC_WARN_UNINITIALIZED_AUTOS = YES_AGGRESSIVE;
				GCC_WARN_UNUSED_FUNCTION = YES;
				GCC_WARN_UNUSED_VARIABLE = YES;
				IPHONEOS_DEPLOYMENT_TARGET = 13.0;
				MTL_ENABLE_DEBUG_INFO = INCLUDE_SOURCE;
				MTL_FAST_MATH = YES;
				ONLY_ACTIVE_ARCH = YES;
				SDKROOT = iphoneos;
				SWIFT_ACTIVE_COMPILATION_CONDITIONS = DEBUG;
				SWIFT_OPTIMIZATION_LEVEL = "-Onone";
			};
			name = Debug;
		};
		4A32D73A2949B3AE0074D847 /* Release */ = {
			isa = XCBuildConfiguration;
			buildSettings = {
				ALWAYS_SEARCH_USER_PATHS = NO;
				CLANG_ANALYZER_NONNULL = YES;
				CLANG_ANALYZER_NUMBER_OBJECT_CONVERSION = YES_AGGRESSIVE;
				CLANG_CXX_LANGUAGE_STANDARD = "gnu++20";
				CLANG_ENABLE_MODULES = YES;
				CLANG_ENABLE_OBJC_ARC = YES;
				CLANG_ENABLE_OBJC_WEAK = YES;
				CLANG_WARN_BLOCK_CAPTURE_AUTORELEASING = YES;
				CLANG_WARN_BOOL_CONVERSION = YES;
				CLANG_WARN_COMMA = YES;
				CLANG_WARN_CONSTANT_CONVERSION = YES;
				CLANG_WARN_DEPRECATED_OBJC_IMPLEMENTATIONS = YES;
				CLANG_WARN_DIRECT_OBJC_ISA_USAGE = YES_ERROR;
				CLANG_WARN_DOCUMENTATION_COMMENTS = YES;
				CLANG_WARN_EMPTY_BODY = YES;
				CLANG_WARN_ENUM_CONVERSION = YES;
				CLANG_WARN_INFINITE_RECURSION = YES;
				CLANG_WARN_INT_CONVERSION = YES;
				CLANG_WARN_NON_LITERAL_NULL_CONVERSION = YES;
				CLANG_WARN_OBJC_IMPLICIT_RETAIN_SELF = YES;
				CLANG_WARN_OBJC_LITERAL_CONVERSION = YES;
				CLANG_WARN_OBJC_ROOT_CLASS = YES_ERROR;
				CLANG_WARN_QUOTED_INCLUDE_IN_FRAMEWORK_HEADER = YES;
				CLANG_WARN_RANGE_LOOP_ANALYSIS = YES;
				CLANG_WARN_STRICT_PROTOTYPES = YES;
				CLANG_WARN_SUSPICIOUS_MOVE = YES;
				CLANG_WARN_UNGUARDED_AVAILABILITY = YES_AGGRESSIVE;
				CLANG_WARN_UNREACHABLE_CODE = YES;
				CLANG_WARN__DUPLICATE_METHOD_MATCH = YES;
				COPY_PHASE_STRIP = NO;
				DEBUG_INFORMATION_FORMAT = "dwarf-with-dsym";
				ENABLE_NS_ASSERTIONS = NO;
				ENABLE_STRICT_OBJC_MSGSEND = YES;
				GCC_C_LANGUAGE_STANDARD = gnu11;
				GCC_NO_COMMON_BLOCKS = YES;
				GCC_WARN_64_TO_32_BIT_CONVERSION = YES;
				GCC_WARN_ABOUT_RETURN_TYPE = YES_ERROR;
				GCC_WARN_UNDECLARED_SELECTOR = YES;
				GCC_WARN_UNINITIALIZED_AUTOS = YES_AGGRESSIVE;
				GCC_WARN_UNUSED_FUNCTION = YES;
				GCC_WARN_UNUSED_VARIABLE = YES;
				IPHONEOS_DEPLOYMENT_TARGET = 13.0;
				MTL_ENABLE_DEBUG_INFO = NO;
				MTL_FAST_MATH = YES;
				SDKROOT = iphoneos;
				SWIFT_COMPILATION_MODE = wholemodule;
				SWIFT_OPTIMIZATION_LEVEL = "-O";
				VALIDATE_PRODUCT = YES;
			};
			name = Release;
		};
		4A32D73C2949B3AE0074D847 /* Debug */ = {
			isa = XCBuildConfiguration;
			baseConfigurationReference = 7C5074072D2F0A090CB2667F /* Pods-DailyApp.debug.xcconfig */;
			buildSettings = {
				ASSETCATALOG_COMPILER_APPICON_NAME = AppIcon;
				ASSETCATALOG_COMPILER_GLOBAL_ACCENT_COLOR_NAME = AccentColor;
				ASSETCATALOG_COMPILER_INCLUDE_ALL_APPICON_ASSETS = NO;
				CODE_SIGN_STYLE = Automatic;
				CURRENT_PROJECT_VERSION = 1;
				DEVELOPMENT_TEAM = GGBN9Z4A4W;
				GENERATE_INFOPLIST_FILE = YES;
				INFOPLIST_FILE = DailyApp/Info.plist;
				INFOPLIST_KEY_UIApplicationSupportsIndirectInputEvents = YES;
				INFOPLIST_KEY_UILaunchStoryboardName = LaunchScreen.storyboard;
				INFOPLIST_KEY_UIMainStoryboardFile = Main;
				INFOPLIST_KEY_UIStatusBarStyle = "";
				INFOPLIST_KEY_UISupportedInterfaceOrientations_iPad = "UIInterfaceOrientationPortrait UIInterfaceOrientationPortraitUpsideDown UIInterfaceOrientationLandscapeLeft UIInterfaceOrientationLandscapeRight";
				INFOPLIST_KEY_UISupportedInterfaceOrientations_iPhone = "UIInterfaceOrientationPortrait UIInterfaceOrientationLandscapeLeft UIInterfaceOrientationLandscapeRight";
				IPHONEOS_DEPLOYMENT_TARGET = 13.0;
				LD_RUNPATH_SEARCH_PATHS = (
					"$(inherited)",
					"@executable_path/Frameworks",
				);
				MARKETING_VERSION = 1.0;
				PRODUCT_BUNDLE_IDENTIFIER = com.burakemregundes.DailyApp;
				PRODUCT_NAME = "$(TARGET_NAME)";
				SWIFT_EMIT_LOC_STRINGS = YES;
				SWIFT_VERSION = 5.0;
				TARGETED_DEVICE_FAMILY = "1,2";
			};
			name = Debug;
		};
		4A32D73D2949B3AE0074D847 /* Release */ = {
			isa = XCBuildConfiguration;
			baseConfigurationReference = BDE3CA918E1CD156FDF84116 /* Pods-DailyApp.release.xcconfig */;
			buildSettings = {
				ASSETCATALOG_COMPILER_APPICON_NAME = AppIcon;
				ASSETCATALOG_COMPILER_GLOBAL_ACCENT_COLOR_NAME = AccentColor;
				ASSETCATALOG_COMPILER_INCLUDE_ALL_APPICON_ASSETS = NO;
				CODE_SIGN_STYLE = Automatic;
				CURRENT_PROJECT_VERSION = 1;
				DEVELOPMENT_TEAM = GGBN9Z4A4W;
				GENERATE_INFOPLIST_FILE = YES;
				INFOPLIST_FILE = DailyApp/Info.plist;
				INFOPLIST_KEY_UIApplicationSupportsIndirectInputEvents = YES;
				INFOPLIST_KEY_UILaunchStoryboardName = LaunchScreen.storyboard;
				INFOPLIST_KEY_UIMainStoryboardFile = Main;
				INFOPLIST_KEY_UIStatusBarStyle = "";
				INFOPLIST_KEY_UISupportedInterfaceOrientations_iPad = "UIInterfaceOrientationPortrait UIInterfaceOrientationPortraitUpsideDown UIInterfaceOrientationLandscapeLeft UIInterfaceOrientationLandscapeRight";
				INFOPLIST_KEY_UISupportedInterfaceOrientations_iPhone = "UIInterfaceOrientationPortrait UIInterfaceOrientationLandscapeLeft UIInterfaceOrientationLandscapeRight";
				IPHONEOS_DEPLOYMENT_TARGET = 13.0;
				LD_RUNPATH_SEARCH_PATHS = (
					"$(inherited)",
					"@executable_path/Frameworks",
				);
				MARKETING_VERSION = 1.0;
				PRODUCT_BUNDLE_IDENTIFIER = com.burakemregundes.DailyApp;
				PRODUCT_NAME = "$(TARGET_NAME)";
				SWIFT_EMIT_LOC_STRINGS = YES;
				SWIFT_VERSION = 5.0;
				TARGETED_DEVICE_FAMILY = "1,2";
			};
			name = Release;
		};
/* End XCBuildConfiguration section */

/* Begin XCConfigurationList section */
		4A32D7222949B3AC0074D847 /* Build configuration list for PBXProject "DailyApp" */ = {
			isa = XCConfigurationList;
			buildConfigurations = (
				4A32D7392949B3AE0074D847 /* Debug */,
				4A32D73A2949B3AE0074D847 /* Release */,
			);
			defaultConfigurationIsVisible = 0;
			defaultConfigurationName = Release;
		};
		4A32D73B2949B3AE0074D847 /* Build configuration list for PBXNativeTarget "DailyApp" */ = {
			isa = XCConfigurationList;
			buildConfigurations = (
				4A32D73C2949B3AE0074D847 /* Debug */,
				4A32D73D2949B3AE0074D847 /* Release */,
			);
			defaultConfigurationIsVisible = 0;
			defaultConfigurationName = Release;
		};
/* End XCConfigurationList section */
	};
	rootObject = 4A32D71F2949B3AC0074D847 /* Project object */;
}
