// !$*UTF8*$!
{
	archiveVersion = 1;
	classes = {
	};
	objectVersion = 56;
	objects = {

/* Begin PBXBuildFile section */
		4A32D72B2949B3AC0074D847 /* AppDelegate.swift in Sources */ = {isa = PBXBuildFile; fileRef = 4A32D72A2949B3AC0074D847 /* AppDelegate.swift */; };
		4A32D72D2949B3AC0074D847 /* SceneDelegate.swift in Sources */ = {isa = PBXBuildFile; fileRef = 4A32D72C2949B3AC0074D847 /* SceneDelegate.swift */; };
		4A32D72F2949B3AC0074D847 /* ViewController.swift in Sources */ = {isa = PBXBuildFile; fileRef = 4A32D72E2949B3AC0074D847 /* ViewController.swift */; };
		4A32D7322949B3AC0074D847 /* Main.storyboard in Resources */ = {isa = PBXBuildFile; fileRef = 4A32D7302949B3AC0074D847 /* Main.storyboard */; };
		4A32D7342949B3AE0074D847 /* Assets.xcassets in Resources */ = {isa = PBXBuildFile; fileRef = 4A32D7332949B3AE0074D847 /* Assets.xcassets */; };
		4A32D7372949B3AE0074D847 /* LaunchScreen.storyboard in Resources */ = {isa = PBXBuildFile; fileRef = 4A32D7352949B3AE0074D847 /* LaunchScreen.storyboard */; };
		E909CF21E0032F18688CDDCA /* libPods-DailyApp.a in Frameworks */ = {isa = PBXBuildFile; fileRef = 434CD87663BEAE0151E84159 /* libPods-DailyApp.a */; };
/* End PBXBuildFile section */

/* Begin PBXFileReference section */
		434CD87663BEAE0151E84159 /* libPods-DailyApp.a */ = {isa = PBXFileReference; explicitFileType = archive.ar; includeInIndex = 0; path = "libPods-DailyApp.a"; sourceTree = BUILT_PRODUCTS_DIR; };
		4A32D7272949B3AC0074D847 /* DailyApp.app */ = {isa = PBXFileReference; explicitFileType = wrapper.application; includeInIndex = 0; path = DailyApp.app; sourceTree = BUILT_PRODUCTS_DIR; };
		4A32D72A2949B3AC0074D847 /* AppDelegate.swift */ = {isa = PBXFileReference; lastKnownFileType = sourcecode.swift; path = AppDelegate.swift; sourceTree = "<group>"; };
		4A32D72C2949B3AC0074D847 /* SceneDelegate.swift */ = {isa = PBXFileReference; lastKnownFileType = sourcecode.swift; path = SceneDelegate.swift; sourceTree = "<group>"; };
		4A32D72E2949B3AC0074D847 /* ViewController.swift */ = {isa = PBXFileReference; lastKnownFileType = sourcecode.swift; path = ViewController.swift; sourceTree = "<group>"; };
		4A32D7312949B3AC0074D847 /* Base */ = {isa = PBXFileReference; lastKnownFileType = file.storyboard; name = Base; path = Base.lproj/Main.storyboard; sourceTree = "<group>"; };
		4A32D7332949B3AE0074D847 /* Assets.xcassets */ = {isa = PBXFileReference; lastKnownFileType = folder.assetcatalog; path = Assets.xcassets; sourceTree = "<group>"; };
		4A32D7362949B3AE0074D847 /* Base */ = {isa = PBXFileReference; lastKnownFileType = file.storyboard; name = Base; path = Base.lproj/LaunchScreen.storyboard; sourceTree = "<group>"; };
		4A32D7382949B3AE0074D847 /* Info.plist */ = {isa = PBXFileReference; lastKnownFileType = text.plist.xml; path = Info.plist; sourceTree = "<group>"; };
		7C5074072D2F0A090CB2667F /* Pods-DailyApp.debug.xcconfig */ = {isa = PBXFileReference; includeInIndex = 1; lastKnownFileType = text.xcconfig; name = "Pods-DailyApp.debug.xcconfig"; path = "Target Support Files/Pods-DailyApp/Pods-DailyApp.debug.xcconfig"; sourceTree = "<group>"; };
		BDE3CA918E1CD156FDF84116 /* Pods-DailyApp.release.xcconfig */ = {isa = PBXFileReference; includeInIndex = 1; lastKnownFileType = text.xcconfig; name = "Pods-DailyApp.release.xcconfig"; path = "Target Support Files/Pods-DailyApp/Pods-DailyApp.release.xcconfig"; sourceTree = "<group>"; };
/* End PBXFileReference section */

/* Begin PBXFrameworksBuildPhase section */
		4A32D7242949B3AC0074D847 /* Frameworks */ = {
			isa = PBXFrameworksBuildPhase;
			buildActionMask = 2147483647;
			files = (
				E909CF21E0032F18688CDDCA /* libPods-DailyApp.a in Frameworks */,
			);
			runOnlyForDeploymentPostprocessing = 0;
		};
/* End PBXFrameworksBuildPhase section */

/* Begin PBXGroup section */
		4A32D71E2949B3AC0074D847 = {
			isa = PBXGroup;
			children = (
				4A32D7292949B3AC0074D847 /* DailyApp */,
				4A32D7282949B3AC0074D847 /* Products */,
				E042C0C4B907C4F7BE6FABFB /* Pods */,
				6645AF8537F8CECC34138B9F /* Frameworks */,
			);
			sourceTree = "<group>";
		};
		4A32D7282949B3AC0074D847 /* Products */ = {
			isa = PBXGroup;
			children = (
				4A32D7272949B3AC0074D847 /* DailyApp.app */,
			);
			name = Products;
			sourceTree = "<group>";
		};
		4A32D7292949B3AC0074D847 /* DailyApp */ = {
			isa = PBXGroup;
			children = (
				4A32D73E2949BB820074D847 /* Model */,
				4A32D73F2949BB900074D847 /* View */,
				4A32D7402949BB950074D847 /* Controller */,
				4A32D72A2949B3AC0074D847 /* AppDelegate.swift */,
				4A32D72C2949B3AC0074D847 /* SceneDelegate.swift */,
				4A32D72E2949B3AC0074D847 /* ViewController.swift */,
				4A32D7302949B3AC0074D847 /* Main.storyboard */,
				4A32D7332949B3AE0074D847 /* Assets.xcassets */,
				4A32D7352949B3AE0074D847 /* LaunchScreen.storyboard */,
				4A32D7382949B3AE0074D847 /* Info.plist */,
			);
			path = DailyApp;
			sourceTree = "<group>";
		};
		4A32D73E2949BB820074D847 /* Model */ = {
			isa = PBXGroup;
			children = (
			);
			path = Model;
			sourceTree = "<group>";
		};
		4A32D73F2949BB900074D847 /* View */ = {
			isa = PBXGroup;
			children = (
			);
			path = View;
			sourceTree = "<group>";
		};
		4A32D7402949BB950074D847 /* Controller */ = {
			isa = PBXGroup;
			children = (
			);
			path = Controller;
			sourceTree = "<group>";
		};
		6645AF8537F8CECC34138B9F /* Frameworks */ = {
			isa = PBXGroup;
			children = (
				434CD87663BEAE0151E84159 /* libPods-DailyApp.a */,
			);
			name = Frameworks;
			sourceTree = "<group>";
		};
		E042C0C4B907C4F7BE6FABFB /* Pods */ = {
			isa = PBXGroup;
			children = (
				7C5074072D2F0A090CB2667F /* Pods-DailyApp.debug.xcconfig */,
				BDE3CA918E1CD156FDF84116 /* Pods-DailyApp.release.xcconfig */,
			);
			path = Pods;
			sourceTree = "<group>";
		};
/* End PBXGroup section */

/* Begin PBXNativeTarget section */
		4A32D7262949B3AC0074D847 /* DailyApp */ = {
			isa = PBXNativeTarget;
			buildConfigurationList = 4A32D73B2949B3AE0074D847 /* Build configuration list for PBXNativeTarget "DailyApp" */;
			buildPhases = (
				EC008368DC00C687C95E6C03 /* [CP] Check Pods Manifest.lock */,
				4A32D7232949B3AC0074D847 /* Sources */,
				4A32D7242949B3AC0074D847 /* Frameworks */,
				4A32D7252949B3AC0074D847 /* Resources */,
			);
			buildRules = (
			);
			dependencies = (
			);
			name = DailyApp;
			productName = DailyApp;
			productReference = 4A32D7272949B3AC0074D847 /* DailyApp.app */;
			productType = "com.apple.product-type.application";
		};
/* End PBXNativeTarget section */

/* Begin PBXProject section */
		4A32D71F2949B3AC0074D847 /* Project object */ = {
			isa = PBXProject;
			attributes = {
				BuildIndependentTargetsInParallel = 1;
				LastSwiftUpdateCheck = 1400;
				LastUpgradeCheck = 1400;
				TargetAttributes = {
					4A32D7262949B3AC0074D847 = {
						CreatedOnToolsVersion = 14.0.1;
					};
				};
			};
			buildConfigurationList = 4A32D7222949B3AC0074D847 /* Build configuration list for PBXProject "DailyApp" */;
			compatibilityVersion = "Xcode 14.0";
			developmentRegion = en;
			hasScannedForEncodings = 0;
			knownRegions = (
				en,
				Base,
			);
			mainGroup = 4A32D71E2949B3AC0074D847;
			productRefGroup = 4A32D7282949B3AC0074D847 /* Products */;
			projectDirPath = "";
			projectRoot = "";
			targets = (
				4A32D7262949B3AC0074D847 /* DailyApp */,
			);
		};
/* End PBXProject section */

/* Begin PBXResourcesBuildPhase section */
		4A32D7252949B3AC0074D847 /* Resources */ = {
			isa = PBXResourcesBuildPhase;
			buildActionMask = 2147483647;
			files = (
				4A32D7372949B3AE0074D847 /* LaunchScreen.storyboard in Resources */,
				4A32D7342949B3AE0074D847 /* Assets.xcassets in Resources */,
				4A32D7322949B3AC0074D847 /* Main.storyboard in Resources */,
			);
			runOnlyForDeploymentPostprocessing = 0;
		};
/* End PBXResourcesBuildPhase section */

/* Begin PBXShellScriptBuildPhase section */
		EC008368DC00C687C95E6C03 /* [CP] Check Pods Manifest.lock */ = {
			isa = PBXShellScriptBuildPhase;
			buildActionMask = 2147483647;
			files = (
			);
			inputFileListPaths = (
			);
			inputPaths = (
				"${PODS_PODFILE_DIR_PATH}/Podfile.lock",
				"${PODS_ROOT}/Manifest.lock",
			);
			name = "[CP] Check Pods Manifest.lock";
			outputFileListPaths = (
			);
			outputPaths = (
				"$(DERIVED_FILE_DIR)/Pods-DailyApp-checkManifestLockResult.txt",
			);
			runOnlyForDeploymentPostprocessing = 0;
			shellPath = /bin/sh;
			shellScript = "diff \"${PODS_PODFILE_DIR_PATH}/Podfile.lock\" \"${PODS_ROOT}/Manifest.lock\" > /dev/null\nif [ $? != 0 ] ; then\n    # print error to STDERR\n    echo \"error: The sandbox is not in sync with the Podfile.lock. Run 'pod install' or update your CocoaPods installation.\" >&2\n    exit 1\nfi\n# This output is used by Xcode 'outputs' to avoid re-running this script phase.\necho \"SUCCESS\" > \"${SCRIPT_OUTPUT_FILE_0}\"\n";
			showEnvVarsInLog = 0;
		};
/* End PBXShellScriptBuildPhase section */

/* Begin PBXSourcesBuildPhase section */
		4A32D7232949B3AC0074D847 /* Sources */ = {
			isa = PBXSourcesBuildPhase;
			buildActionMask = 2147483647;
			files = (
				4A32D72F2949B3AC0074D847 /* ViewController.swift in Sources */,
				4A32D72B2949B3AC0074D847 /* AppDelegate.swift in Sources */,
				4A32D72D2949B3AC0074D847 /* SceneDelegate.swift in Sources */,
			);
			runOnlyForDeploymentPostprocessing = 0;
		};
/* End PBXSourcesBuildPhase section */

/* Begin PBXVariantGroup section */
		4A32D7302949B3AC0074D847 /* Main.storyboard */ = {
			isa = PBXVariantGroup;
			children = (
				4A32D7312949B3AC0074D847 /* Base */,
			);
			name = Main.storyboard;
			sourceTree = "<group>";
		};
		4A32D7352949B3AE0074D847 /* LaunchScreen.storyboard */ = {
			isa = PBXVariantGroup;
			children = (
				4A32D7362949B3AE0074D847 /* Base */,
			);
			name = LaunchScreen.storyboard;
			sourceTree = "<group>";
		};
/* End PBXVariantGroup section */

/* Begin XCBuildConfiguration section */
		4A32D7392949B3AE0074D847 /* Debug */ = {
			isa = XCBuildConfiguration;
			buildSettings = {
				ALWAYS_SEARCH_USER_PATHS = NO;
				CLANG_ANALYZER_NONNULL = YES;
				CLANG_ANALYZER_NUMBER_OBJECT_CONVERSION = YES_AGGRESSIVE;
				CLANG_CXX_LANGUAGE_STANDARD = "gnu++20";
				CLANG_ENABLE_MODULES = YES;
				CLANG_ENABLE_OBJC_ARC = YES;
				CLANG_ENABLE_OBJC_WEAK = YES;
				CLANG_WARN_BLOCK_CAPTURE_AUTORELEASING = YES;
				CLANG_WARN_BOOL_CONVERSION = YES;
				CLANG_WARN_COMMA = YES;
				CLANG_WARN_CONSTANT_CONVERSION = YES;
				CLANG_WARN_DEPRECATED_OBJC_IMPLEMENTATIONS = YES;
				CLANG_WARN_DIRECT_OBJC_ISA_USAGE = YES_ERROR;
				CLANG_WARN_DOCUMENTATION_COMMENTS = YES;
				CLANG_WARN_EMPTY_BODY = YES;
				CLANG_WARN_ENUM_CONVERSION = YES;
				CLANG_WARN_INFINITE_RECURSION = YES;
				CLANG_WARN_INT_CONVERSION = YES;
				CLANG_WARN_NON_LITERAL_NULL_CONVERSION = YES;
				CLANG_WARN_OBJC_IMPLICIT_RETAIN_SELF = YES;
				CLANG_WARN_OBJC_LITERAL_CONVERSION = YES;
				CLANG_WARN_OBJC_ROOT_CLASS = YES_ERROR;
				CLANG_WARN_QUOTED_INCLUDE_IN_FRAMEWORK_HEADER = YES;
				CLANG_WARN_RANGE_LOOP_ANALYSIS = YES;
				CLANG_WARN_STRICT_PROTOTYPES = YES;
				CLANG_WARN_SUSPICIOUS_MOVE = YES;
				CLANG_WARN_UNGUARDED_AVAILABILITY = YES_AGGRESSIVE;
				CLANG_WARN_UNREACHABLE_CODE = YES;
				CLANG_WARN__DUPLICATE_METHOD_MATCH = YES;
				COPY_PHASE_STRIP = NO;
				DEBUG_INFORMATION_FORMAT = dwarf;
				ENABLE_STRICT_OBJC_MSGSEND = YES;
				ENABLE_TESTABILITY = YES;
				GCC_C_LANGUAGE_STANDARD = gnu11;
				GCC_DYNAMIC_NO_PIC = NO;
				GCC_NO_COMMON_BLOCKS = YES;
				GCC_OPTIMIZATION_LEVEL = 0;
				GCC_PREPROCESSOR_DEFINITIONS = (
					"DEBUG=1",
					"$(inherited)",
				);
				GCC_WARN_64_TO_32_BIT_CONVERSION = YES;
				GCC_WARN_ABOUT_RETURN_TYPE = YES_ERROR;
				GCC_WARN_UNDECLARED_SELECTOR = YES;
				GCC_WARN_UNINITIALIZED_AUTOS = YES_AGGRESSIVE;
				GCC_WARN_UNUSED_FUNCTION = YES;
				GCC_WARN_UNUSED_VARIABLE = YES;
				IPHONEOS_DEPLOYMENT_TARGET = 13.0;
				MTL_ENABLE_DEBUG_INFO = INCLUDE_SOURCE;
				MTL_FAST_MATH = YES;
				ONLY_ACTIVE_ARCH = YES;
				SDKROOT = iphoneos;
				SWIFT_ACTIVE_COMPILATION_CONDITIONS = DEBUG;
				SWIFT_OPTIMIZATION_LEVEL = "-Onone";
			};
			name = Debug;
		};
		4A32D73A2949B3AE0074D847 /* Release */ = {
			isa = XCBuildConfiguration;
			buildSettings = {
				ALWAYS_SEARCH_USER_PATHS = NO;
				CLANG_ANALYZER_NONNULL = YES;
				CLANG_ANALYZER_NUMBER_OBJECT_CONVERSION = YES_AGGRESSIVE;
				CLANG_CXX_LANGUAGE_STANDARD = "gnu++20";
				CLANG_ENABLE_MODULES = YES;
				CLANG_ENABLE_OBJC_ARC = YES;
				CLANG_ENABLE_OBJC_WEAK = YES;
				CLANG_WARN_BLOCK_CAPTURE_AUTORELEASING = YES;
				CLANG_WARN_BOOL_CONVERSION = YES;
				CLANG_WARN_COMMA = YES;
				CLANG_WARN_CONSTANT_CONVERSION = YES;
				CLANG_WARN_DEPRECATED_OBJC_IMPLEMENTATIONS = YES;
				CLANG_WARN_DIRECT_OBJC_ISA_USAGE = YES_ERROR;
				CLANG_WARN_DOCUMENTATION_COMMENTS = YES;
				CLANG_WARN_EMPTY_BODY = YES;
				CLANG_WARN_ENUM_CONVERSION = YES;
				CLANG_WARN_INFINITE_RECURSION = YES;
				CLANG_WARN_INT_CONVERSION = YES;
				CLANG_WARN_NON_LITERAL_NULL_CONVERSION = YES;
				CLANG_WARN_OBJC_IMPLICIT_RETAIN_SELF = YES;
				CLANG_WARN_OBJC_LITERAL_CONVERSION = YES;
				CLANG_WARN_OBJC_ROOT_CLASS = YES_ERROR;
				CLANG_WARN_QUOTED_INCLUDE_IN_FRAMEWORK_HEADER = YES;
				CLANG_WARN_RANGE_LOOP_ANALYSIS = YES;
				CLANG_WARN_STRICT_PROTOTYPES = YES;
				CLANG_WARN_SUSPICIOUS_MOVE = YES;
				CLANG_WARN_UNGUARDED_AVAILABILITY = YES_AGGRESSIVE;
				CLANG_WARN_UNREACHABLE_CODE = YES;
				CLANG_WARN__DUPLICATE_METHOD_MATCH = YES;
				COPY_PHASE_STRIP = NO;
				DEBUG_INFORMATION_FORMAT = "dwarf-with-dsym";
				ENABLE_NS_ASSERTIONS = NO;
				ENABLE_STRICT_OBJC_MSGSEND = YES;
				GCC_C_LANGUAGE_STANDARD = gnu11;
				GCC_NO_COMMON_BLOCKS = YES;
				GCC_WARN_64_TO_32_BIT_CONVERSION = YES;
				GCC_WARN_ABOUT_RETURN_TYPE = YES_ERROR;
				GCC_WARN_UNDECLARED_SELECTOR = YES;
				GCC_WARN_UNINITIALIZED_AUTOS = YES_AGGRESSIVE;
				GCC_WARN_UNUSED_FUNCTION = YES;
				GCC_WARN_UNUSED_VARIABLE = YES;
				IPHONEOS_DEPLOYMENT_TARGET = 13.0;
				MTL_ENABLE_DEBUG_INFO = NO;
				MTL_FAST_MATH = YES;
				SDKROOT = iphoneos;
				SWIFT_COMPILATION_MODE = wholemodule;
				SWIFT_OPTIMIZATION_LEVEL = "-O";
				VALIDATE_PRODUCT = YES;
			};
			name = Release;
		};
		4A32D73C2949B3AE0074D847 /* Debug */ = {
			isa = XCBuildConfiguration;
			baseConfigurationReference = 7C5074072D2F0A090CB2667F /* Pods-DailyApp.debug.xcconfig */;
			buildSettings = {
				ASSETCATALOG_COMPILER_APPICON_NAME = AppIcon;
				ASSETCATALOG_COMPILER_GLOBAL_ACCENT_COLOR_NAME = AccentColor;
				ASSETCATALOG_COMPILER_INCLUDE_ALL_APPICON_ASSETS = NO;
				CODE_SIGN_STYLE = Automatic;
				CURRENT_PROJECT_VERSION = 1;
				DEVELOPMENT_TEAM = GGBN9Z4A4W;
				GENERATE_INFOPLIST_FILE = YES;
				INFOPLIST_FILE = DailyApp/Info.plist;
				INFOPLIST_KEY_UIApplicationSupportsIndirectInputEvents = YES;
				INFOPLIST_KEY_UILaunchStoryboardName = LaunchScreen.storyboard;
				INFOPLIST_KEY_UIMainStoryboardFile = Main;
				INFOPLIST_KEY_UIStatusBarStyle = "";
				INFOPLIST_KEY_UISupportedInterfaceOrientations_iPad = "UIInterfaceOrientationPortrait UIInterfaceOrientationPortraitUpsideDown UIInterfaceOrientationLandscapeLeft UIInterfaceOrientationLandscapeRight";
				INFOPLIST_KEY_UISupportedInterfaceOrientations_iPhone = "UIInterfaceOrientationPortrait UIInterfaceOrientationLandscapeLeft UIInterfaceOrientationLandscapeRight";
				IPHONEOS_DEPLOYMENT_TARGET = 13.0;
				LD_RUNPATH_SEARCH_PATHS = (
					"$(inherited)",
					"@executable_path/Frameworks",
				);
				MARKETING_VERSION = 1.0;
				PRODUCT_BUNDLE_IDENTIFIER = com.burakemregundes.DailyApp;
				PRODUCT_NAME = "$(TARGET_NAME)";
				SWIFT_EMIT_LOC_STRINGS = YES;
				SWIFT_VERSION = 5.0;
				TARGETED_DEVICE_FAMILY = "1,2";
			};
			name = Debug;
		};
		4A32D73D2949B3AE0074D847 /* Release */ = {
			isa = XCBuildConfiguration;
			baseConfigurationReference = BDE3CA918E1CD156FDF84116 /* Pods-DailyApp.release.xcconfig */;
			buildSettings = {
				ASSETCATALOG_COMPILER_APPICON_NAME = AppIcon;
				ASSETCATALOG_COMPILER_GLOBAL_ACCENT_COLOR_NAME = AccentColor;
				ASSETCATALOG_COMPILER_INCLUDE_ALL_APPICON_ASSETS = NO;
				CODE_SIGN_STYLE = Automatic;
				CURRENT_PROJECT_VERSION = 1;
				DEVELOPMENT_TEAM = GGBN9Z4A4W;
				GENERATE_INFOPLIST_FILE = YES;
				INFOPLIST_FILE = DailyApp/Info.plist;
				INFOPLIST_KEY_UIApplicationSupportsIndirectInputEvents = YES;
				INFOPLIST_KEY_UILaunchStoryboardName = LaunchScreen.storyboard;
				INFOPLIST_KEY_UIMainStoryboardFile = Main;
				INFOPLIST_KEY_UIStatusBarStyle = "";
				INFOPLIST_KEY_UISupportedInterfaceOrientations_iPad = "UIInterfaceOrientationPortrait UIInterfaceOrientationPortraitUpsideDown UIInterfaceOrientationLandscapeLeft UIInterfaceOrientationLandscapeRight";
				INFOPLIST_KEY_UISupportedInterfaceOrientations_iPhone = "UIInterfaceOrientationPortrait UIInterfaceOrientationLandscapeLeft UIInterfaceOrientationLandscapeRight";
				IPHONEOS_DEPLOYMENT_TARGET = 13.0;
				LD_RUNPATH_SEARCH_PATHS = (
					"$(inherited)",
					"@executable_path/Frameworks",
				);
				MARKETING_VERSION = 1.0;
				PRODUCT_BUNDLE_IDENTIFIER = com.burakemregundes.DailyApp;
				PRODUCT_NAME = "$(TARGET_NAME)";
				SWIFT_EMIT_LOC_STRINGS = YES;
				SWIFT_VERSION = 5.0;
				TARGETED_DEVICE_FAMILY = "1,2";
			};
			name = Release;
		};
/* End XCBuildConfiguration section */

/* Begin XCConfigurationList section */
		4A32D7222949B3AC0074D847 /* Build configuration list for PBXProject "DailyApp" */ = {
			isa = XCConfigurationList;
			buildConfigurations = (
				4A32D7392949B3AE0074D847 /* Debug */,
				4A32D73A2949B3AE0074D847 /* Release */,
			);
			defaultConfigurationIsVisible = 0;
			defaultConfigurationName = Release;
		};
		4A32D73B2949B3AE0074D847 /* Build configuration list for PBXNativeTarget "DailyApp" */ = {
			isa = XCConfigurationList;
			buildConfigurations = (
				4A32D73C2949B3AE0074D847 /* Debug */,
				4A32D73D2949B3AE0074D847 /* Release */,
			);
			defaultConfigurationIsVisible = 0;
			defaultConfigurationName = Release;
		};
/* End XCConfigurationList section */
	};
	rootObject = 4A32D71F2949B3AC0074D847 /* Project object */;
}
